
Microsoft Visual Studio Solution File, Format Version 12.00
# Visual Studio Version 17
VisualStudioVersion = 17.1.32407.343
MinimumVisualStudioVersion = 10.0.40219.1
Project("{FAE04EC0-301F-11D3-BF4B-00C04F79EFBC}") = "Api.SqlServer", "Api.SqlServer.csproj", "{83096FA1-8CD7-4CBF-8CD7-36F85C9EA432}"
EndProject
Global
	GlobalSection(SolutionConfigurationPlatforms) = preSolution
		Debug|Any CPU = Debug|Any CPU
		Release|Any CPU = Release|Any CPU
	EndGlobalSection
	GlobalSection(ProjectConfigurationPlatforms) = postSolution
		{83096FA1-8CD7-4CBF-8CD7-36F85C9EA432}.Debug|Any CPU.ActiveCfg = Debug|Any CPU
		{83096FA1-8CD7-4CBF-8CD7-36F85C9EA432}.Debug|Any CPU.Build.0 = Debug|Any CPU
		{83096FA1-8CD7-4CBF-8CD7-36F85C9EA432}.Release|Any CPU.ActiveCfg = Release|Any CPU
		{83096FA1-8CD7-4CBF-8CD7-36F85C9EA432}.Release|Any CPU.Build.0 = Release|Any CPU
	EndGlobalSection
	GlobalSection(SolutionProperties) = preSolution
		HideSolutionNode = FALSE
	EndGlobalSection
	GlobalSection(ExtensibilityGlobals) = postSolution
		SolutionGuid = {3182F27E-37E0-4CF4-942C-730F5F64B056}
	EndGlobalSection
EndGlobal
